
Microsoft Visual Studio Solution File, Format Version 12.00
# Visual Studio Version 16
VisualStudioVersion = 16.0.29926.136
MinimumVisualStudioVersion = 10.0.40219.1
Project("{FAE04EC0-301F-11D3-BF4B-00C04F79EFBC}") = "TCPIP Messnger - Karl v0.1", "TCPIP Messnger - Karl v0.1.csproj", "{45E20B79-131D-40E2-8E39-96092708367E}"
EndProject
Global
	GlobalSection(SolutionConfigurationPlatforms) = preSolution
		Debug|Any CPU = Debug|Any CPU
		Release|Any CPU = Release|Any CPU
	EndGlobalSection
	GlobalSection(ProjectConfigurationPlatforms) = postSolution
		{45E20B79-131D-40E2-8E39-96092708367E}.Debug|Any CPU.ActiveCfg = Debug|Any CPU
		{45E20B79-131D-40E2-8E39-96092708367E}.Debug|Any CPU.Build.0 = Debug|Any CPU
		{45E20B79-131D-40E2-8E39-96092708367E}.Release|Any CPU.ActiveCfg = Release|Any CPU
		{45E20B79-131D-40E2-8E39-96092708367E}.Release|Any CPU.Build.0 = Release|Any CPU
	EndGlobalSection
	GlobalSection(SolutionProperties) = preSolution
		HideSolutionNode = FALSE
	EndGlobalSection
	GlobalSection(ExtensibilityGlobals) = postSolution
		SolutionGuid = {40B32AD1-8F1E-4FCE-83D7-0942C42166D7}
	EndGlobalSection
EndGlobal
